// !$*UTF8*$!
{
	archiveVersion = 1;
	classes = {
	};
	objectVersion = 56;
	objects = {

/* Begin PBXBuildFile section */
		03F0E24E82DF50B70AE38157 /* ProjectPreviewView.swift in Sources */ = {isa = PBXBuildFile; fileRef = 3871DF8937C264389197CA1D /* ProjectPreviewView.swift */; };
		0D09D9F6189E7808DB7C9512 /* AdServices.framework in Frameworks */ = {isa = PBXBuildFile; fileRef = 6921AE24696FBE1B4B747A72 /* AdServices.framework */; };
		1207C15D8AF332C54077037D /* BuildProgressView.swift in Sources */ = {isa = PBXBuildFile; fileRef = FDABB336D3A792C3DC0FF27B /* BuildProgressView.swift */; };
		12FF11BF904D6C92440F6C50 /* MyProjectsView.swift in Sources */ = {isa = PBXBuildFile; fileRef = EBCE2F1851A3BE261B116895 /* MyProjectsView.swift */; };
		1FF268428B3B80EE8F60BCAF /* BuildIdentity.swift in Sources */ = {isa = PBXBuildFile; fileRef = 81E543EA32067FE8FBAD16C2 /* BuildIdentity.swift */; };
		2EDE519B78ED4CED82058477 /* LessonEditStore.swift in Sources */ = {isa = PBXBuildFile; fileRef = BE1BCCEC62AA489AA24F2463 /* LessonEditStore.swift */; };
		334E067FF72CC8046EC5299B /* BuildLimitTracker.swift in Sources */ = {isa = PBXBuildFile; fileRef = F66617770456B8196EF22450 /* BuildLimitTracker.swift */; };
		34FCE06CD9026552C08B2C43 /* BuildModels.swift in Sources */ = {isa = PBXBuildFile; fileRef = 0D29BCEF15E351E8BCC3F507 /* BuildModels.swift */; };
		3695BC2AB12B7F49E5516933 /* Foundation.framework in Frameworks */ = {isa = PBXBuildFile; fileRef = E089AB0FCED2458DE60648B7 /* Foundation.framework */; };
		5EADBF9A4F6492FF8D96896F /* catalog.json in Resources */ = {isa = PBXBuildFile; fileRef = 508ED5F3A2CB6DE2DFB3B466 /* catalog.json */; };
		6067A8CD2FB1AD8DDCC4EE63 /* VibeBuildAPI.swift in Sources */ = {isa = PBXBuildFile; fileRef = BEFC6BC5817BD30A7E19EF4A /* VibeBuildAPI.swift */; };
		6F0F6FD3B6CC4D298C83668E /* PremiumManager.swift in Sources */ = {isa = PBXBuildFile; fileRef = FEEACD9F6D934849879D6645 /* PremiumManager.swift */; };
		731C8907D4FC7736B116A094 /* SSEClient.swift in Sources */ = {isa = PBXBuildFile; fileRef = DB21C05ED594C9089D9280A3 /* SSEClient.swift */; };
		7CD7E0DB8711F0C61A4F843D /* LessonDetailView.swift in Sources */ = {isa = PBXBuildFile; fileRef = 87442C049C7606E22540A952 /* LessonDetailView.swift */; };
		85466C4C67786B1B3DB6EE02 /* PromoOfferKit in Frameworks */ = {isa = PBXBuildFile; productRef = 2CCC1173B2276093013012E7 /* PromoOfferKit */; };
		8FAD57C9A777BD55A4B479B9 /* ImagePicker.swift in Sources */ = {isa = PBXBuildFile; fileRef = 2036C22016DFA08A9A100358 /* ImagePicker.swift */; };
		A001 /* VibeCoderApp.swift in Sources */ = {isa = PBXBuildFile; fileRef = B001 /* VibeCoderApp.swift */; };
		A002 /* ContentView.swift in Sources */ = {isa = PBXBuildFile; fileRef = B002 /* ContentView.swift */; };
		A003 /* AuthManager.swift in Sources */ = {isa = PBXBuildFile; fileRef = B003 /* AuthManager.swift */; };
		A004 /* SignInView.swift in Sources */ = {isa = PBXBuildFile; fileRef = B004 /* SignInView.swift */; };
		A005 /* ProfileView.swift in Sources */ = {isa = PBXBuildFile; fileRef = B005 /* ProfileView.swift */; };
		A009 /* User.swift in Sources */ = {isa = PBXBuildFile; fileRef = B009 /* User.swift */; };
		A016 /* FirebaseAuth in Frameworks */ = {isa = PBXBuildFile; productRef = P001 /* FirebaseAuth */; };
		A017 /* FirebaseFirestore in Frameworks */ = {isa = PBXBuildFile; productRef = P002 /* FirebaseFirestore */; };
		A018 /* FirebaseStorage in Frameworks */ = {isa = PBXBuildFile; productRef = P003 /* FirebaseStorage */; };
		A019 /* GoogleSignIn in Frameworks */ = {isa = PBXBuildFile; productRef = P004 /* GoogleSignIn */; };
		A020 /* GoogleSignInSwift in Frameworks */ = {isa = PBXBuildFile; productRef = P005 /* GoogleSignInSwift */; };
		A021 /* GoogleService-Info.plist in Resources */ = {isa = PBXBuildFile; fileRef = C002 /* GoogleService-Info.plist */; };
		A023 /* SubscriptionManager.swift in Sources */ = {isa = PBXBuildFile; fileRef = B017 /* SubscriptionManager.swift */; };
		A024 /* SubscriptionPlansView.swift in Sources */ = {isa = PBXBuildFile; fileRef = B018 /* SubscriptionPlansView.swift */; };
		A027 /* ReplitStyleAccountView.swift in Sources */ = {isa = PBXBuildFile; fileRef = B021 /* ReplitStyleAccountView.swift */; };
		A028 /* Assets.xcassets in Resources */ = {isa = PBXBuildFile; fileRef = B022 /* Assets.xcassets */; };
		A030 /* ZIPFoundation in Frameworks */ = {isa = PBXBuildFile; productRef = P006 /* ZIPFoundation */; };
		A034 /* PaywallCoordinator.swift in Sources */ = {isa = PBXBuildFile; fileRef = B027 /* PaywallCoordinator.swift */; };
		A035 /* WinbackOfferView.swift in Sources */ = {isa = PBXBuildFile; fileRef = B028 /* WinbackOfferView.swift */; };
		B5FA25BD85DA32E5B5402EB5 /* EULAGate.swift in Sources */ = {isa = PBXBuildFile; fileRef = D321A465FC01E5BC688015E6 /* EULAGate.swift */; };
		B77A46B0DCD0557AEA08FD83 /* CatalogManifest.swift in Sources */ = {isa = PBXBuildFile; fileRef = AEC0AB220640094313AD2B0E /* CatalogManifest.swift */; };
		D2D12B4A63E6910827565909 /* ScreenshotTests.swift in Sources */ = {isa = PBXBuildFile; fileRef = ECF05AFA3D780D6BFCD1205E /* ScreenshotTests.swift */; };
		D7C09F1076B83B6C52C53FAF /* AttributionService.swift in Sources */ = {isa = PBXBuildFile; fileRef = 69597D8FB4C70A34499E8FA8 /* AttributionService.swift */; };
		DAAD24228BB668EF16069A13 /* CatalogView.swift in Sources */ = {isa = PBXBuildFile; fileRef = F11B61A9C52D868146E50252 /* CatalogView.swift */; };
		DEFEA9F5A5E4447B9BF79B74 /* RemotePaywallView.swift in Sources */ = {isa = PBXBuildFile; fileRef = BE1FF73EEA1147C5A003AFE7 /* RemotePaywallView.swift */; };
		E4900943324A6C01481FA30F /* SandboxedPreviewView.swift in Sources */ = {isa = PBXBuildFile; fileRef = B8731E8106D6FD5FD91AAAD5 /* SandboxedPreviewView.swift */; };
		E5F7EE210BAFAC6B6A2900B4 /* VersionHistorySheet.swift in Sources */ = {isa = PBXBuildFile; fileRef = EA0134CD8AC4627D738CC6FB /* VersionHistorySheet.swift */; };
		ECE6EC4C062B2DB91A668DB8 /* BuildHomeView.swift in Sources */ = {isa = PBXBuildFile; fileRef = 6AF56295C19537091E949555 /* BuildHomeView.swift */; };
		F05E009ABC642EAB2A2F0E1C /* VoiceDictation.swift in Sources */ = {isa = PBXBuildFile; fileRef = 9C26C5240D0F5B3DE44BD2AB /* VoiceDictation.swift */; };
		F1F0F0ACACACD2CAB6E78CCF /* SnapshotHelper.swift in Sources */ = {isa = PBXBuildFile; fileRef = 6222A441E08F11FDECE00A6C /* SnapshotHelper.swift */; };
		F391FB6B3BCB3A68B3EFF998 /* projects in Resources */ = {isa = PBXBuildFile; fileRef = BC694E05DFF8D2B6A635F62F /* projects */; };
		FA36AC616E1D7AEA0A5B24E8 /* CodeReaderView.swift in Sources */ = {isa = PBXBuildFile; fileRef = 82A407B4B02484A2788C4BF1 /* CodeReaderView.swift */; };
		PKB001 /* PaywallKit in Frameworks */ = {isa = PBXBuildFile; productRef = PKP001 /* PaywallKit */; };
		RKB001 /* RatingKit in Frameworks */ = {isa = PBXBuildFile; productRef = RKP001 /* RatingKit */; };
/* End PBXBuildFile section */

/* Begin PBXContainerItemProxy section */
		5B40E8EF6C3C4BA77192F454 /* PBXContainerItemProxy */ = {
			isa = PBXContainerItemProxy;
			containerPortal = K001 /* Project object */;
			proxyType = 1;
			remoteGlobalIDString = G001;
			remoteInfo = VibeCoder;
		};
/* End PBXContainerItemProxy section */

/* Begin PBXFileReference section */
		0D29BCEF15E351E8BCC3F507 /* BuildModels.swift */ = {isa = PBXFileReference; includeInIndex = 1; lastKnownFileType = sourcecode.swift; path = BuildModels.swift; sourceTree = "<group>"; };
		2036C22016DFA08A9A100358 /* ImagePicker.swift */ = {isa = PBXFileReference; includeInIndex = 1; lastKnownFileType = sourcecode.swift; path = ImagePicker.swift; sourceTree = "<group>"; };
		3871DF8937C264389197CA1D /* ProjectPreviewView.swift */ = {isa = PBXFileReference; includeInIndex = 1; lastKnownFileType = sourcecode.swift; path = ProjectPreviewView.swift; sourceTree = "<group>"; };
		508ED5F3A2CB6DE2DFB3B466 /* catalog.json */ = {isa = PBXFileReference; includeInIndex = 1; lastKnownFileType = text.json; path = catalog.json; sourceTree = "<group>"; };
		6222A441E08F11FDECE00A6C /* SnapshotHelper.swift */ = {isa = PBXFileReference; includeInIndex = 1; lastKnownFileType = sourcecode.swift; path = SnapshotHelper.swift; sourceTree = "<group>"; };
		6921AE24696FBE1B4B747A72 /* AdServices.framework */ = {isa = PBXFileReference; lastKnownFileType = wrapper.framework; name = AdServices.framework; path = System/Library/Frameworks/AdServices.framework; sourceTree = SDKROOT; };
		69597D8FB4C70A34499E8FA8 /* AttributionService.swift */ = {isa = PBXFileReference; includeInIndex = 1; lastKnownFileType = sourcecode.swift; path = AttributionService.swift; sourceTree = "<group>"; };
		6AF56295C19537091E949555 /* BuildHomeView.swift */ = {isa = PBXFileReference; includeInIndex = 1; lastKnownFileType = sourcecode.swift; path = BuildHomeView.swift; sourceTree = "<group>"; };
		81E543EA32067FE8FBAD16C2 /* BuildIdentity.swift */ = {isa = PBXFileReference; includeInIndex = 1; lastKnownFileType = sourcecode.swift; path = BuildIdentity.swift; sourceTree = "<group>"; };
		82A407B4B02484A2788C4BF1 /* CodeReaderView.swift */ = {isa = PBXFileReference; includeInIndex = 1; lastKnownFileType = sourcecode.swift; path = CodeReaderView.swift; sourceTree = "<group>"; };
		87442C049C7606E22540A952 /* LessonDetailView.swift */ = {isa = PBXFileReference; includeInIndex = 1; lastKnownFileType = sourcecode.swift; path = LessonDetailView.swift; sourceTree = "<group>"; };
		88B736A52F43CBF3007E4B75 /* VibeCoder.entitlements */ = {isa = PBXFileReference; lastKnownFileType = text.plist.entitlements; path = VibeCoder.entitlements; sourceTree = "<group>"; };
		9C26C5240D0F5B3DE44BD2AB /* VoiceDictation.swift */ = {isa = PBXFileReference; includeInIndex = 1; lastKnownFileType = sourcecode.swift; path = VoiceDictation.swift; sourceTree = "<group>"; };
		AEC0AB220640094313AD2B0E /* CatalogManifest.swift */ = {isa = PBXFileReference; includeInIndex = 1; lastKnownFileType = sourcecode.swift; path = CatalogManifest.swift; sourceTree = "<group>"; };
		B001 /* VibeCoderApp.swift */ = {isa = PBXFileReference; lastKnownFileType = sourcecode.swift; path = VibeCoderApp.swift; sourceTree = "<group>"; };
		B002 /* ContentView.swift */ = {isa = PBXFileReference; lastKnownFileType = sourcecode.swift; path = ContentView.swift; sourceTree = "<group>"; };
		B003 /* AuthManager.swift */ = {isa = PBXFileReference; lastKnownFileType = sourcecode.swift; path = AuthManager.swift; sourceTree = "<group>"; };
		B004 /* SignInView.swift */ = {isa = PBXFileReference; lastKnownFileType = sourcecode.swift; path = SignInView.swift; sourceTree = "<group>"; };
		B005 /* ProfileView.swift */ = {isa = PBXFileReference; lastKnownFileType = sourcecode.swift; path = ProfileView.swift; sourceTree = "<group>"; };
		B009 /* User.swift */ = {isa = PBXFileReference; lastKnownFileType = sourcecode.swift; path = User.swift; sourceTree = "<group>"; };
		B017 /* SubscriptionManager.swift */ = {isa = PBXFileReference; lastKnownFileType = sourcecode.swift; path = SubscriptionManager.swift; sourceTree = "<group>"; };
		B018 /* SubscriptionPlansView.swift */ = {isa = PBXFileReference; lastKnownFileType = sourcecode.swift; path = SubscriptionPlansView.swift; sourceTree = "<group>"; };
		B021 /* ReplitStyleAccountView.swift */ = {isa = PBXFileReference; lastKnownFileType = sourcecode.swift; path = ReplitStyleAccountView.swift; sourceTree = "<group>"; };
		B022 /* Assets.xcassets */ = {isa = PBXFileReference; lastKnownFileType = folder.assetcatalog; path = Assets.xcassets; sourceTree = "<group>"; };
		B027 /* PaywallCoordinator.swift */ = {isa = PBXFileReference; lastKnownFileType = sourcecode.swift; path = PaywallCoordinator.swift; sourceTree = "<group>"; };
		B028 /* WinbackOfferView.swift */ = {isa = PBXFileReference; lastKnownFileType = sourcecode.swift; path = WinbackOfferView.swift; sourceTree = "<group>"; };
		B8731E8106D6FD5FD91AAAD5 /* SandboxedPreviewView.swift */ = {isa = PBXFileReference; includeInIndex = 1; lastKnownFileType = sourcecode.swift; path = SandboxedPreviewView.swift; sourceTree = "<group>"; };
		BC694E05DFF8D2B6A635F62F /* projects */ = {isa = PBXFileReference; includeInIndex = 1; lastKnownFileType = folder; path = projects; sourceTree = "<group>"; };
		BE1BCCEC62AA489AA24F2463 /* LessonEditStore.swift */ = {isa = PBXFileReference; includeInIndex = 1; lastKnownFileType = sourcecode.swift; path = LessonEditStore.swift; sourceTree = "<group>"; };
		BE1FF73EEA1147C5A003AFE7 /* RemotePaywallView.swift */ = {isa = PBXFileReference; lastKnownFileType = sourcecode.swift; path = RemotePaywallView.swift; sourceTree = "<group>"; };
		BEFC6BC5817BD30A7E19EF4A /* VibeBuildAPI.swift */ = {isa = PBXFileReference; includeInIndex = 1; lastKnownFileType = sourcecode.swift; path = VibeBuildAPI.swift; sourceTree = "<group>"; };
		C001 /* Info.plist */ = {isa = PBXFileReference; lastKnownFileType = text.plist.xml; path = Info.plist; sourceTree = "<group>"; };
		C002 /* GoogleService-Info.plist */ = {isa = PBXFileReference; lastKnownFileType = text.plist.xml; path = "GoogleService-Info.plist"; sourceTree = "<group>"; };
		C003 /* VibeBuild.storekit */ = {isa = PBXFileReference; lastKnownFileType = com.apple.storekit.configuration; path = VibeBuild.storekit; sourceTree = "<group>"; };
		D001 /* VibeCoder.app */ = {isa = PBXFileReference; explicitFileType = wrapper.application; includeInIndex = 0; path = VibeCoder.app; sourceTree = BUILT_PRODUCTS_DIR; };
		D321A465FC01E5BC688015E6 /* EULAGate.swift */ = {isa = PBXFileReference; includeInIndex = 1; lastKnownFileType = sourcecode.swift; path = EULAGate.swift; sourceTree = "<group>"; };
		DB21C05ED594C9089D9280A3 /* SSEClient.swift */ = {isa = PBXFileReference; includeInIndex = 1; lastKnownFileType = sourcecode.swift; path = SSEClient.swift; sourceTree = "<group>"; };
		E089AB0FCED2458DE60648B7 /* Foundation.framework */ = {isa = PBXFileReference; lastKnownFileType = wrapper.framework; name = Foundation.framework; path = Platforms/iPhoneOS.platform/Developer/SDKs/iPhoneOS18.0.sdk/System/Library/Frameworks/Foundation.framework; sourceTree = DEVELOPER_DIR; };
		EA0134CD8AC4627D738CC6FB /* VersionHistorySheet.swift */ = {isa = PBXFileReference; includeInIndex = 1; lastKnownFileType = sourcecode.swift; path = VersionHistorySheet.swift; sourceTree = "<group>"; };
		EBCE2F1851A3BE261B116895 /* MyProjectsView.swift */ = {isa = PBXFileReference; includeInIndex = 1; lastKnownFileType = sourcecode.swift; path = MyProjectsView.swift; sourceTree = "<group>"; };
		ECF05AFA3D780D6BFCD1205E /* ScreenshotTests.swift */ = {isa = PBXFileReference; includeInIndex = 1; lastKnownFileType = sourcecode.swift; path = ScreenshotTests.swift; sourceTree = "<group>"; };
		F04D6FF414BAB1101CE6BD22 /* VibeCoderUITests */ = {isa = PBXFileReference; includeInIndex = 0; path = VibeCoderUITests; sourceTree = BUILT_PRODUCTS_DIR; };
		F11B61A9C52D868146E50252 /* CatalogView.swift */ = {isa = PBXFileReference; includeInIndex = 1; lastKnownFileType = sourcecode.swift; path = CatalogView.swift; sourceTree = "<group>"; };
		F66617770456B8196EF22450 /* BuildLimitTracker.swift */ = {isa = PBXFileReference; includeInIndex = 1; lastKnownFileType = sourcecode.swift; path = BuildLimitTracker.swift; sourceTree = "<group>"; };
		FDABB336D3A792C3DC0FF27B /* BuildProgressView.swift */ = {isa = PBXFileReference; includeInIndex = 1; lastKnownFileType = sourcecode.swift; path = BuildProgressView.swift; sourceTree = "<group>"; };
		FEEACD9F6D934849879D6645 /* PremiumManager.swift */ = {isa = PBXFileReference; lastKnownFileType = sourcecode.swift; path = PremiumManager.swift; sourceTree = "<group>"; };
/* End PBXFileReference section */

/* Begin PBXFrameworksBuildPhase section */
		0832977B9D1CE819B3C68D87 /* Frameworks */ = {
			isa = PBXFrameworksBuildPhase;
			buildActionMask = 2147483647;
			files = (
				3695BC2AB12B7F49E5516933 /* Foundation.framework in Frameworks */,
			);
			runOnlyForDeploymentPostprocessing = 0;
		};
		E001 /* Frameworks */ = {
			isa = PBXFrameworksBuildPhase;
			buildActionMask = 2147483647;
			files = (
				A016 /* FirebaseAuth in Frameworks */,
				A017 /* FirebaseFirestore in Frameworks */,
				A018 /* FirebaseStorage in Frameworks */,
				A019 /* GoogleSignIn in Frameworks */,
				A020 /* GoogleSignInSwift in Frameworks */,
				A030 /* ZIPFoundation in Frameworks */,
				RKB001 /* RatingKit in Frameworks */,
				PKB001 /* PaywallKit in Frameworks */,
				0D09D9F6189E7808DB7C9512 /* AdServices.framework in Frameworks */,
				85466C4C67786B1B3DB6EE02 /* PromoOfferKit in Frameworks */,
			);
			runOnlyForDeploymentPostprocessing = 0;
		};
/* End PBXFrameworksBuildPhase section */

/* Begin PBXGroup section */
		44FBFAFD3ED8C837C93D8B9A /* Frameworks */ = {
			isa = PBXGroup;
			children = (
				D3B7AA612A2D60C53851FBD4 /* iOS */,
				6921AE24696FBE1B4B747A72 /* AdServices.framework */,
			);
			name = Frameworks;
			sourceTree = "<group>";
		};
		680AE1945983350AE54E32EE /* Catalog */ = {
			isa = PBXGroup;
			children = (
				F11B61A9C52D868146E50252 /* CatalogView.swift */,
			);
			name = Catalog;
			path = Catalog;
			sourceTree = "<group>";
		};
		BAC72212EB7F2A158655CE31 /* VibeCoderUITests */ = {
			isa = PBXGroup;
			children = (
				6222A441E08F11FDECE00A6C /* SnapshotHelper.swift */,
				ECF05AFA3D780D6BFCD1205E /* ScreenshotTests.swift */,
			);
			name = VibeCoderUITests;
			path = VibeCoderUITests;
			sourceTree = "<group>";
		};
		BBED1781704DB7095AA802E4 /* Build */ = {
			isa = PBXGroup;
			children = (
				0D29BCEF15E351E8BCC3F507 /* BuildModels.swift */,
				DB21C05ED594C9089D9280A3 /* SSEClient.swift */,
				BEFC6BC5817BD30A7E19EF4A /* VibeBuildAPI.swift */,
				F66617770456B8196EF22450 /* BuildLimitTracker.swift */,
				D321A465FC01E5BC688015E6 /* EULAGate.swift */,
				FDABB336D3A792C3DC0FF27B /* BuildProgressView.swift */,
				6AF56295C19537091E949555 /* BuildHomeView.swift */,
				3871DF8937C264389197CA1D /* ProjectPreviewView.swift */,
				EBCE2F1851A3BE261B116895 /* MyProjectsView.swift */,
				81E543EA32067FE8FBAD16C2 /* BuildIdentity.swift */,
				9C26C5240D0F5B3DE44BD2AB /* VoiceDictation.swift */,
				EA0134CD8AC4627D738CC6FB /* VersionHistorySheet.swift */,
				2036C22016DFA08A9A100358 /* ImagePicker.swift */,
			);
			name = Build;
			path = Build;
			sourceTree = "<group>";
		};
		CD09EF77BD59D023F34C9817 /* Lesson */ = {
			isa = PBXGroup;
			children = (
				87442C049C7606E22540A952 /* LessonDetailView.swift */,
				82A407B4B02484A2788C4BF1 /* CodeReaderView.swift */,
				BE1BCCEC62AA489AA24F2463 /* LessonEditStore.swift */,
				B8731E8106D6FD5FD91AAAD5 /* SandboxedPreviewView.swift */,
			);
			name = Lesson;
			path = Lesson;
			sourceTree = "<group>";
		};
		D3B7AA612A2D60C53851FBD4 /* iOS */ = {
			isa = PBXGroup;
			children = (
				E089AB0FCED2458DE60648B7 /* Foundation.framework */,
			);
			name = iOS;
			sourceTree = "<group>";
		};
		F001 = {
			isa = PBXGroup;
			children = (
				F002 /* VibeCoder */,
				F003 /* Products */,
				44FBFAFD3ED8C837C93D8B9A /* Frameworks */,
				BAC72212EB7F2A158655CE31 /* VibeCoderUITests */,
			);
			sourceTree = "<group>";
		};
		F002 /* VibeCoder */ = {
			isa = PBXGroup;
			children = (
				88B736A52F43CBF3007E4B75 /* VibeCoder.entitlements */,
				C001 /* Info.plist */,
				C002 /* GoogleService-Info.plist */,
				C003 /* VibeBuild.storekit */,
				F004 /* App */,
				F005 /* Auth */,
				F007 /* Chat */,
				F010 /* Models */,
				F011 /* Monetization */,
				F014 /* Resources */,
				F015 /* Shared */,
				680AE1945983350AE54E32EE /* Catalog */,
				CD09EF77BD59D023F34C9817 /* Lesson */,
				BBED1781704DB7095AA802E4 /* Build */,
			);
			path = VibeCoder;
			sourceTree = "<group>";
		};
		F003 /* Products */ = {
			isa = PBXGroup;
			children = (
				D001 /* VibeCoder.app */,
				F04D6FF414BAB1101CE6BD22 /* VibeCoderUITests */,
			);
			name = Products;
			sourceTree = "<group>";
		};
		F004 /* App */ = {
			isa = PBXGroup;
			children = (
				B001 /* VibeCoderApp.swift */,
				B002 /* ContentView.swift */,
			);
			path = App;
			sourceTree = "<group>";
		};
		F005 /* Auth */ = {
			isa = PBXGroup;
			children = (
				B003 /* AuthManager.swift */,
				B004 /* SignInView.swift */,
				B005 /* ProfileView.swift */,
				B021 /* ReplitStyleAccountView.swift */,
			);
			path = Auth;
			sourceTree = "<group>";
		};
		F007 /* Chat */ = {
			isa = PBXGroup;
			children = (
			);
			path = Chat;
			sourceTree = "<group>";
		};
		F010 /* Models */ = {
			isa = PBXGroup;
			children = (
				B009 /* User.swift */,
				AEC0AB220640094313AD2B0E /* CatalogManifest.swift */,
			);
			path = Models;
			sourceTree = "<group>";
		};
		F011 /* Monetization */ = {
			isa = PBXGroup;
			children = (
				B017 /* SubscriptionManager.swift */,
				FEEACD9F6D934849879D6645 /* PremiumManager.swift */,
				BE1FF73EEA1147C5A003AFE7 /* RemotePaywallView.swift */,
				B018 /* SubscriptionPlansView.swift */,
				B027 /* PaywallCoordinator.swift */,
				B028 /* WinbackOfferView.swift */,
				69597D8FB4C70A34499E8FA8 /* AttributionService.swift */,
			);
			path = Monetization;
			sourceTree = "<group>";
		};
		F014 /* Resources */ = {
			isa = PBXGroup;
			children = (
				B022 /* Assets.xcassets */,
				508ED5F3A2CB6DE2DFB3B466 /* catalog.json */,
				BC694E05DFF8D2B6A635F62F /* projects */,
			);
			path = Resources;
			sourceTree = "<group>";
		};
		F015 /* Shared */ = {
			isa = PBXGroup;
			children = (
			);
			path = Shared;
			sourceTree = "<group>";
		};
/* End PBXGroup section */

/* Begin PBXNativeTarget section */
		C683E6200ACC47B3743B288F /* VibeCoderUITests */ = {
			isa = PBXNativeTarget;
			buildConfigurationList = 0FD5ACD8B82F05A9703495FD /* Build configuration list for PBXNativeTarget "VibeCoderUITests" */;
			buildPhases = (
				203D13CFC2EB34430A0D29CC /* Sources */,
				0832977B9D1CE819B3C68D87 /* Frameworks */,
				01A9DCA99870DEDD50BA95F4 /* Resources */,
			);
			buildRules = (
			);
			dependencies = (
				10B1C3A6C7AB97C5AC2E2E63 /* PBXTargetDependency */,
			);
			name = VibeCoderUITests;
			productName = VibeCoderUITests;
			productReference = F04D6FF414BAB1101CE6BD22 /* VibeCoderUITests */;
			productType = "com.apple.product-type.bundle.ui-testing";
		};
		G001 /* VibeCoder */ = {
			isa = PBXNativeTarget;
			buildConfigurationList = H001 /* Build configuration list for PBXNativeTarget "VibeCoder" */;
			buildPhases = (
				I001 /* Sources */,
				E001 /* Frameworks */,
				J001 /* Resources */,
			);
			buildRules = (
			);
			dependencies = (
			);
			name = VibeCoder;
			packageProductDependencies = (
				P001 /* FirebaseAuth */,
				P002 /* FirebaseFirestore */,
				P003 /* FirebaseStorage */,
				P004 /* GoogleSignIn */,
				P005 /* GoogleSignInSwift */,
				P006 /* ZIPFoundation */,
				RKP001 /* RatingKit */,
				PKP001 /* PaywallKit */,
				2CCC1173B2276093013012E7 /* PromoOfferKit */,
			);
			productName = VibeCoder;
			productReference = D001 /* VibeCoder.app */;
			productType = "com.apple.product-type.application";
		};
/* End PBXNativeTarget section */

/* Begin PBXProject section */
		K001 /* Project object */ = {
			isa = PBXProject;
			attributes = {
				BuildIndependentTargetsInParallel = 1;
				LastSwiftUpdateCheck = 1500;
				LastUpgradeCheck = 1500;
				TargetAttributes = {
					G001 = {
						CreatedOnToolsVersion = 15.0;
					};
				};
			};
			buildConfigurationList = H002 /* Build configuration list for PBXProject "VibeCoder" */;
			compatibilityVersion = "Xcode 14.0";
			developmentRegion = en;
			hasScannedForEncodings = 0;
			knownRegions = (
				en,
				Base,
			);
			mainGroup = F001;
			packageReferences = (
				M001 /* XCRemoteSwiftPackageReference "firebase-ios-sdk" */,
				M002 /* XCRemoteSwiftPackageReference "GoogleSignIn-iOS" */,
				M003 /* XCRemoteSwiftPackageReference "ZIPFoundation" */,
				RKL001 /* XCLocalSwiftPackageReference "RatingKit" */,
				PKL001 /* XCLocalSwiftPackageReference "PaywallKit" */,
				0E898BE7C4C31BABE0AF8B58 /* XCRemoteSwiftPackageReference "PromoOfferKit" */,
			);
			productRefGroup = F003 /* Products */;
			projectDirPath = "";
			projectRoot = "";
			targets = (
				G001 /* VibeCoder */,
				C683E6200ACC47B3743B288F /* VibeCoderUITests */,
			);
		};
/* End PBXProject section */

/* Begin PBXResourcesBuildPhase section */
		01A9DCA99870DEDD50BA95F4 /* Resources */ = {
			isa = PBXResourcesBuildPhase;
			buildActionMask = 2147483647;
			files = (
			);
			runOnlyForDeploymentPostprocessing = 0;
		};
		J001 /* Resources */ = {
			isa = PBXResourcesBuildPhase;
			buildActionMask = 2147483647;
			files = (
				A021 /* GoogleService-Info.plist in Resources */,
				A028 /* Assets.xcassets in Resources */,
				5EADBF9A4F6492FF8D96896F /* catalog.json in Resources */,
				F391FB6B3BCB3A68B3EFF998 /* projects in Resources */,
			);
			runOnlyForDeploymentPostprocessing = 0;
		};
/* End PBXResourcesBuildPhase section */

/* Begin PBXSourcesBuildPhase section */
		203D13CFC2EB34430A0D29CC /* Sources */ = {
			isa = PBXSourcesBuildPhase;
			buildActionMask = 2147483647;
			files = (
				F1F0F0ACACACD2CAB6E78CCF /* SnapshotHelper.swift in Sources */,
				D2D12B4A63E6910827565909 /* ScreenshotTests.swift in Sources */,
			);
			runOnlyForDeploymentPostprocessing = 0;
		};
		I001 /* Sources */ = {
			isa = PBXSourcesBuildPhase;
			buildActionMask = 2147483647;
			files = (
				A001 /* VibeCoderApp.swift in Sources */,
				A002 /* ContentView.swift in Sources */,
				A003 /* AuthManager.swift in Sources */,
				A004 /* SignInView.swift in Sources */,
				A005 /* ProfileView.swift in Sources */,
				A009 /* User.swift in Sources */,
				A023 /* SubscriptionManager.swift in Sources */,
				6F0F6FD3B6CC4D298C83668E /* PremiumManager.swift in Sources */,
				DEFEA9F5A5E4447B9BF79B74 /* RemotePaywallView.swift in Sources */,
				A024 /* SubscriptionPlansView.swift in Sources */,
				A027 /* ReplitStyleAccountView.swift in Sources */,
				A034 /* PaywallCoordinator.swift in Sources */,
				A035 /* WinbackOfferView.swift in Sources */,
				B77A46B0DCD0557AEA08FD83 /* CatalogManifest.swift in Sources */,
				DAAD24228BB668EF16069A13 /* CatalogView.swift in Sources */,
				7CD7E0DB8711F0C61A4F843D /* LessonDetailView.swift in Sources */,
				FA36AC616E1D7AEA0A5B24E8 /* CodeReaderView.swift in Sources */,
				2EDE519B78ED4CED82058477 /* LessonEditStore.swift in Sources */,
				E4900943324A6C01481FA30F /* SandboxedPreviewView.swift in Sources */,
				34FCE06CD9026552C08B2C43 /* BuildModels.swift in Sources */,
				731C8907D4FC7736B116A094 /* SSEClient.swift in Sources */,
				6067A8CD2FB1AD8DDCC4EE63 /* VibeBuildAPI.swift in Sources */,
				334E067FF72CC8046EC5299B /* BuildLimitTracker.swift in Sources */,
				B5FA25BD85DA32E5B5402EB5 /* EULAGate.swift in Sources */,
				1207C15D8AF332C54077037D /* BuildProgressView.swift in Sources */,
				ECE6EC4C062B2DB91A668DB8 /* BuildHomeView.swift in Sources */,
				03F0E24E82DF50B70AE38157 /* ProjectPreviewView.swift in Sources */,
				12FF11BF904D6C92440F6C50 /* MyProjectsView.swift in Sources */,
				1FF268428B3B80EE8F60BCAF /* BuildIdentity.swift in Sources */,
				D7C09F1076B83B6C52C53FAF /* AttributionService.swift in Sources */,
				F05E009ABC642EAB2A2F0E1C /* VoiceDictation.swift in Sources */,
				E5F7EE210BAFAC6B6A2900B4 /* VersionHistorySheet.swift in Sources */,
				8FAD57C9A777BD55A4B479B9 /* ImagePicker.swift in Sources */,
			);
			runOnlyForDeploymentPostprocessing = 0;
		};
/* End PBXSourcesBuildPhase section */

/* Begin PBXTargetDependency section */
		10B1C3A6C7AB97C5AC2E2E63 /* PBXTargetDependency */ = {
			isa = PBXTargetDependency;
			name = VibeCoder;
			target = G001 /* VibeCoder */;
			targetProxy = 5B40E8EF6C3C4BA77192F454 /* PBXContainerItemProxy */;
		};
/* End PBXTargetDependency section */

/* Begin XCBuildConfiguration section */
		6C89661D0DCEE25CB31DB1DB /* Release */ = {
			isa = XCBuildConfiguration;
			buildSettings = {
				CODE_SIGN_STYLE = Automatic;
				DEVELOPMENT_TEAM = 7RS696YC75;
				GENERATE_INFOPLIST_FILE = YES;
				IPHONEOS_DEPLOYMENT_TARGET = 17.0;
				PRODUCT_BUNDLE_IDENTIFIER = com.kreativekoala.vibercoder.UITests;
				SDKROOT = iphoneos;
				SWIFT_VERSION = 5.0;
				TEST_TARGET_NAME = VibeCoder;
				VALIDATE_PRODUCT = YES;
			};
			name = Release;
		};
		C4EBDDBF8DBE0961FFDB10E8 /* Debug */ = {
			isa = XCBuildConfiguration;
			buildSettings = {
				CODE_SIGN_STYLE = Automatic;
				DEVELOPMENT_TEAM = 7RS696YC75;
				GENERATE_INFOPLIST_FILE = YES;
				IPHONEOS_DEPLOYMENT_TARGET = 17.0;
				PRODUCT_BUNDLE_IDENTIFIER = com.kreativekoala.vibercoder.UITests;
				SDKROOT = iphoneos;
				SWIFT_VERSION = 5.0;
				TEST_TARGET_NAME = VibeCoder;
			};
			name = Debug;
		};
		L001 /* Debug */ = {
			isa = XCBuildConfiguration;
			buildSettings = {
				ALWAYS_SEARCH_USER_PATHS = NO;
				ASSETCATALOG_COMPILER_GENERATE_SWIFT_ASSET_SYMBOL_EXTENSIONS = YES;
				CLANG_ANALYZER_NONNULL = YES;
				CLANG_ANALYZER_NUMBER_OBJECT_CONVERSION = YES_AGGRESSIVE;
				CLANG_CXX_LANGUAGE_STANDARD = "gnu++20";
				CLANG_ENABLE_MODULES = YES;
				CLANG_ENABLE_OBJC_ARC = YES;
				CLANG_ENABLE_OBJC_WEAK = YES;
				CLANG_WARN_BLOCK_CAPTURE_AUTORELEASING = YES;
				CLANG_WARN_BOOL_CONVERSION = YES;
				CLANG_WARN_COMMA = YES;
				CLANG_WARN_CONSTANT_CONVERSION = YES;
				CLANG_WARN_DEPRECATED_OBJC_IMPLEMENTATIONS = YES;
				CLANG_WARN_DIRECT_OBJC_ISA_USAGE = YES_ERROR;
				CLANG_WARN_DOCUMENTATION_COMMENTS = YES;
				CLANG_WARN_EMPTY_BODY = YES;
				CLANG_WARN_ENUM_CONVERSION = YES;
				CLANG_WARN_INFINITE_RECURSION = YES;
				CLANG_WARN_INT_CONVERSION = YES;
				CLANG_WARN_NON_LITERAL_NULL_CONVERSION = YES;
				CLANG_WARN_OBJC_IMPLICIT_RETAIN_SELF = YES;
				CLANG_WARN_OBJC_LITERAL_CONVERSION = YES;
				CLANG_WARN_OBJC_ROOT_CLASS = YES_ERROR;
				CLANG_WARN_QUOTED_INCLUDE_IN_FRAMEWORK_HEADER = YES;
				CLANG_WARN_RANGE_LOOP_ANALYSIS = YES;
				CLANG_WARN_STRICT_PROTOTYPES = YES;
				CLANG_WARN_SUSPICIOUS_MOVE = YES;
				CLANG_WARN_UNGUARDED_AVAILABILITY = YES_AGGRESSIVE;
				CLANG_WARN_UNREACHABLE_CODE = YES;
				CLANG_WARN__DUPLICATE_METHOD_MATCH = YES;
				COPY_PHASE_STRIP = NO;
				DEBUG_INFORMATION_FORMAT = dwarf;
				ENABLE_STRICT_OBJC_MSGSEND = YES;
				ENABLE_TESTABILITY = YES;
				ENABLE_USER_SCRIPT_SANDBOXING = YES;
				GCC_C_LANGUAGE_STANDARD = gnu17;
				GCC_DYNAMIC_NO_PIC = NO;
				GCC_NO_COMMON_BLOCKS = YES;
				GCC_OPTIMIZATION_LEVEL = 0;
				GCC_PREPROCESSOR_DEFINITIONS = (
					"DEBUG=1",
					"$(inherited)",
				);
				GCC_WARN_64_TO_32_BIT_CONVERSION = YES;
				GCC_WARN_ABOUT_RETURN_TYPE = YES_ERROR;
				GCC_WARN_UNDECLARED_SELECTOR = YES;
				GCC_WARN_UNINITIALIZED_AUTOS = YES_AGGRESSIVE;
				GCC_WARN_UNUSED_FUNCTION = YES;
				GCC_WARN_UNUSED_VARIABLE = YES;
				IPHONEOS_DEPLOYMENT_TARGET = 17.0;
				LOCALIZATION_PREFERS_STRING_CATALOGS = YES;
				MTL_ENABLE_DEBUG_INFO = INCLUDE_SOURCE;
				MTL_FAST_MATH = YES;
				ONLY_ACTIVE_ARCH = YES;
				SDKROOT = iphoneos;
				SWIFT_ACTIVE_COMPILATION_CONDITIONS = "DEBUG $(inherited)";
				SWIFT_OPTIMIZATION_LEVEL = "-Onone";
			};
			name = Debug;
		};
		L002 /* Release */ = {
			isa = XCBuildConfiguration;
			buildSettings = {
				ALWAYS_SEARCH_USER_PATHS = NO;
				ASSETCATALOG_COMPILER_GENERATE_SWIFT_ASSET_SYMBOL_EXTENSIONS = YES;
				CLANG_ANALYZER_NONNULL = YES;
				CLANG_ANALYZER_NUMBER_OBJECT_CONVERSION = YES_AGGRESSIVE;
				CLANG_CXX_LANGUAGE_STANDARD = "gnu++20";
				CLANG_ENABLE_MODULES = YES;
				CLANG_ENABLE_OBJC_ARC = YES;
				CLANG_ENABLE_OBJC_WEAK = YES;
				CLANG_WARN_BLOCK_CAPTURE_AUTORELEASING = YES;
				CLANG_WARN_BOOL_CONVERSION = YES;
				CLANG_WARN_COMMA = YES;
				CLANG_WARN_CONSTANT_CONVERSION = YES;
				CLANG_WARN_DEPRECATED_OBJC_IMPLEMENTATIONS = YES;
				CLANG_WARN_DIRECT_OBJC_ISA_USAGE = YES_ERROR;
				CLANG_WARN_DOCUMENTATION_COMMENTS = YES;
				CLANG_WARN_EMPTY_BODY = YES;
				CLANG_WARN_ENUM_CONVERSION = YES;
				CLANG_WARN_INFINITE_RECURSION = YES;
				CLANG_WARN_INT_CONVERSION = YES;
				CLANG_WARN_NON_LITERAL_NULL_CONVERSION = YES;
				CLANG_WARN_OBJC_IMPLICIT_RETAIN_SELF = YES;
				CLANG_WARN_OBJC_LITERAL_CONVERSION = YES;
				CLANG_WARN_OBJC_ROOT_CLASS = YES_ERROR;
				CLANG_WARN_QUOTED_INCLUDE_IN_FRAMEWORK_HEADER = YES;
				CLANG_WARN_RANGE_LOOP_ANALYSIS = YES;
				CLANG_WARN_STRICT_PROTOTYPES = YES;
				CLANG_WARN_SUSPICIOUS_MOVE = YES;
				CLANG_WARN_UNGUARDED_AVAILABILITY = YES_AGGRESSIVE;
				CLANG_WARN_UNREACHABLE_CODE = YES;
				CLANG_WARN__DUPLICATE_METHOD_MATCH = YES;
				COPY_PHASE_STRIP = NO;
				DEBUG_INFORMATION_FORMAT = "dwarf-with-dsym";
				ENABLE_NS_ASSERTIONS = NO;
				ENABLE_STRICT_OBJC_MSGSEND = YES;
				ENABLE_USER_SCRIPT_SANDBOXING = YES;
				GCC_C_LANGUAGE_STANDARD = gnu17;
				GCC_NO_COMMON_BLOCKS = YES;
				GCC_WARN_64_TO_32_BIT_CONVERSION = YES;
				GCC_WARN_ABOUT_RETURN_TYPE = YES_ERROR;
				GCC_WARN_UNDECLARED_SELECTOR = YES;
				GCC_WARN_UNINITIALIZED_AUTOS = YES_AGGRESSIVE;
				GCC_WARN_UNUSED_FUNCTION = YES;
				GCC_WARN_UNUSED_VARIABLE = YES;
				IPHONEOS_DEPLOYMENT_TARGET = 17.0;
				LOCALIZATION_PREFERS_STRING_CATALOGS = YES;
				MTL_ENABLE_DEBUG_INFO = NO;
				MTL_FAST_MATH = YES;
				SDKROOT = iphoneos;
				SWIFT_COMPILATION_MODE = wholemodule;
				VALIDATE_PRODUCT = YES;
			};
			name = Release;
		};
		L003 /* Debug */ = {
			isa = XCBuildConfiguration;
			buildSettings = {
				ASSETCATALOG_COMPILER_APPICON_NAME = AppIcon;
				ASSETCATALOG_COMPILER_GLOBAL_ACCENT_COLOR_NAME = AccentColor;
				CODE_SIGN_ENTITLEMENTS = VibeCoder/VibeCoder.entitlements;
				CODE_SIGN_STYLE = Automatic;
				CURRENT_PROJECT_VERSION = 48;
				DEVELOPMENT_ASSET_PATHS = "";
				DEVELOPMENT_TEAM = 7RS696YC75;
				ENABLE_PREVIEWS = YES;
				GENERATE_INFOPLIST_FILE = NO;
				INFOPLIST_FILE = VibeCoder/Info.plist;
				INFOPLIST_KEY_UIApplicationSceneManifest_Generation = YES;
				INFOPLIST_KEY_UIApplicationSupportsIndirectInputEvents = YES;
				INFOPLIST_KEY_UILaunchScreen_Generation = YES;
				INFOPLIST_KEY_UISupportedInterfaceOrientations = "UIInterfaceOrientationPortrait UIInterfaceOrientationLandscapeLeft UIInterfaceOrientationLandscapeRight";
				INFOPLIST_KEY_UISupportedInterfaceOrientations_iPad = "UIInterfaceOrientationPortrait UIInterfaceOrientationPortraitUpsideDown UIInterfaceOrientationLandscapeLeft UIInterfaceOrientationLandscapeRight";
				IPHONEOS_DEPLOYMENT_TARGET = 17.0;
				LD_RUNPATH_SEARCH_PATHS = (
					"$(inherited)",
					"@executable_path/Frameworks",
				);
				MARKETING_VERSION = 3.1.6;
				PRODUCT_BUNDLE_IDENTIFIER = com.kreativekoala.vibercoder;
				PRODUCT_NAME = "$(TARGET_NAME)";
				SWIFT_EMIT_LOC_STRINGS = YES;
				SWIFT_VERSION = 5.0;
				TARGETED_DEVICE_FAMILY = "1,2";
			};
			name = Debug;
		};
		L004 /* Release */ = {
			isa = XCBuildConfiguration;
			buildSettings = {
				ASSETCATALOG_COMPILER_APPICON_NAME = AppIcon;
				ASSETCATALOG_COMPILER_GLOBAL_ACCENT_COLOR_NAME = AccentColor;
				CODE_SIGN_ENTITLEMENTS = VibeCoder/VibeCoder.entitlements;
				CODE_SIGN_STYLE = Automatic;
				CURRENT_PROJECT_VERSION = 48;
				DEVELOPMENT_ASSET_PATHS = "";
				DEVELOPMENT_TEAM = 7RS696YC75;
				ENABLE_PREVIEWS = YES;
				GENERATE_INFOPLIST_FILE = NO;
				INFOPLIST_FILE = VibeCoder/Info.plist;
				INFOPLIST_KEY_UIApplicationSceneManifest_Generation = YES;
				INFOPLIST_KEY_UIApplicationSupportsIndirectInputEvents = YES;
				INFOPLIST_KEY_UILaunchScreen_Generation = YES;
				INFOPLIST_KEY_UISupportedInterfaceOrientations = "UIInterfaceOrientationPortrait UIInterfaceOrientationLandscapeLeft UIInterfaceOrientationLandscapeRight";
				INFOPLIST_KEY_UISupportedInterfaceOrientations_iPad = "UIInterfaceOrientationPortrait UIInterfaceOrientationPortraitUpsideDown UIInterfaceOrientationLandscapeLeft UIInterfaceOrientationLandscapeRight";
				IPHONEOS_DEPLOYMENT_TARGET = 17.0;
				LD_RUNPATH_SEARCH_PATHS = (
					"$(inherited)",
					"@executable_path/Frameworks",
				);
				MARKETING_VERSION = 3.1.6;
				PRODUCT_BUNDLE_IDENTIFIER = com.kreativekoala.vibercoder;
				PRODUCT_NAME = "$(TARGET_NAME)";
				SWIFT_EMIT_LOC_STRINGS = YES;
				SWIFT_VERSION = 5.0;
				TARGETED_DEVICE_FAMILY = "1,2";
			};
			name = Release;
		};
/* End XCBuildConfiguration section */

/* Begin XCConfigurationList section */
		0FD5ACD8B82F05A9703495FD /* Build configuration list for PBXNativeTarget "VibeCoderUITests" */ = {
			isa = XCConfigurationList;
			buildConfigurations = (
				6C89661D0DCEE25CB31DB1DB /* Release */,
				C4EBDDBF8DBE0961FFDB10E8 /* Debug */,
			);
			defaultConfigurationIsVisible = 0;
			defaultConfigurationName = Release;
		};
		H001 /* Build configuration list for PBXNativeTarget "VibeCoder" */ = {
			isa = XCConfigurationList;
			buildConfigurations = (
				L003 /* Debug */,
				L004 /* Release */,
			);
			defaultConfigurationIsVisible = 0;
			defaultConfigurationName = Release;
		};
		H002 /* Build configuration list for PBXProject "VibeCoder" */ = {
			isa = XCConfigurationList;
			buildConfigurations = (
				L001 /* Debug */,
				L002 /* Release */,
			);
			defaultConfigurationIsVisible = 0;
			defaultConfigurationName = Release;
		};
/* End XCConfigurationList section */

/* Begin XCLocalSwiftPackageReference section */
		PKL001 /* XCLocalSwiftPackageReference "PaywallKit" */ = {
			isa = XCLocalSwiftPackageReference;
			relativePath = ../../PaywallKit;
		};
		RKL001 /* XCLocalSwiftPackageReference "RatingKit" */ = {
			isa = XCLocalSwiftPackageReference;
			relativePath = ../../RatingKit;
		};
/* End XCLocalSwiftPackageReference section */

/* Begin XCRemoteSwiftPackageReference section */
		0E898BE7C4C31BABE0AF8B58 /* XCRemoteSwiftPackageReference "PromoOfferKit" */ = {
			isa = XCRemoteSwiftPackageReference;
			repositoryURL = "https://github.com/tsushanth/PromoOfferKit.git";
			requirement = {
				kind = exactVersion;
				version = 1.0.0;
			};
		};
		M001 /* XCRemoteSwiftPackageReference "firebase-ios-sdk" */ = {
			isa = XCRemoteSwiftPackageReference;
			repositoryURL = "https://github.com/firebase/firebase-ios-sdk";
			requirement = {
				kind = upToNextMajorVersion;
				minimumVersion = 10.0.0;
			};
		};
		M002 /* XCRemoteSwiftPackageReference "GoogleSignIn-iOS" */ = {
			isa = XCRemoteSwiftPackageReference;
			repositoryURL = "https://github.com/google/GoogleSignIn-iOS";
			requirement = {
				kind = upToNextMajorVersion;
				minimumVersion = 7.0.0;
			};
		};
		M003 /* XCRemoteSwiftPackageReference "ZIPFoundation" */ = {
			isa = XCRemoteSwiftPackageReference;
			repositoryURL = "https://github.com/weichsel/ZIPFoundation";
			requirement = {
				kind = upToNextMajorVersion;
				minimumVersion = 0.9.0;
			};
		};
/* End XCRemoteSwiftPackageReference section */

/* Begin XCSwiftPackageProductDependency section */
		2CCC1173B2276093013012E7 /* PromoOfferKit */ = {
			isa = XCSwiftPackageProductDependency;
			package = 0E898BE7C4C31BABE0AF8B58 /* XCRemoteSwiftPackageReference "PromoOfferKit" */;
			productName = PromoOfferKit;
		};
		P001 /* FirebaseAuth */ = {
			isa = XCSwiftPackageProductDependency;
			package = M001 /* XCRemoteSwiftPackageReference "firebase-ios-sdk" */;
			productName = FirebaseAuth;
		};
		P002 /* FirebaseFirestore */ = {
			isa = XCSwiftPackageProductDependency;
			package = M001 /* XCRemoteSwiftPackageReference "firebase-ios-sdk" */;
			productName = FirebaseFirestore;
		};
		P003 /* FirebaseStorage */ = {
			isa = XCSwiftPackageProductDependency;
			package = M001 /* XCRemoteSwiftPackageReference "firebase-ios-sdk" */;
			productName = FirebaseStorage;
		};
		P004 /* GoogleSignIn */ = {
			isa = XCSwiftPackageProductDependency;
			package = M002 /* XCRemoteSwiftPackageReference "GoogleSignIn-iOS" */;
			productName = GoogleSignIn;
		};
		P005 /* GoogleSignInSwift */ = {
			isa = XCSwiftPackageProductDependency;
			package = M002 /* XCRemoteSwiftPackageReference "GoogleSignIn-iOS" */;
			productName = GoogleSignInSwift;
		};
		P006 /* ZIPFoundation */ = {
			isa = XCSwiftPackageProductDependency;
			package = M003 /* XCRemoteSwiftPackageReference "ZIPFoundation" */;
			productName = ZIPFoundation;
		};
		PKP001 /* PaywallKit */ = {
			isa = XCSwiftPackageProductDependency;
			package = PKL001 /* XCLocalSwiftPackageReference "PaywallKit" */;
			productName = PaywallKit;
		};
		RKP001 /* RatingKit */ = {
			isa = XCSwiftPackageProductDependency;
			package = RKL001 /* XCLocalSwiftPackageReference "RatingKit" */;
			productName = RatingKit;
		};
/* End XCSwiftPackageProductDependency section */
	};
	rootObject = K001 /* Project object */;
}
